
Microsoft Visual Studio Solution File, Format Version 12.00
# Visual Studio 2012
Project("{FAE04EC0-301F-11D3-BF4B-00C04F79EFBC}") = "DataKatmaniKullanimi", "DataKatmaniKullanimi\DataKatmaniKullanimi.csproj", "{E5628A10-1ABD-4ADE-9CF8-CAF23CB2F45B}"
EndProject
Global
	GlobalSection(SolutionConfigurationPlatforms) = preSolution
		Debug|Any CPU = Debug|Any CPU
		Release|Any CPU = Release|Any CPU
	EndGlobalSection
	GlobalSection(ProjectConfigurationPlatforms) = postSolution
		{E5628A10-1ABD-4ADE-9CF8-CAF23CB2F45B}.Debug|Any CPU.ActiveCfg = Debug|Any CPU
		{E5628A10-1ABD-4ADE-9CF8-CAF23CB2F45B}.Debug|Any CPU.Build.0 = Debug|Any CPU
		{E5628A10-1ABD-4ADE-9CF8-CAF23CB2F45B}.Release|Any CPU.ActiveCfg = Release|Any CPU
		{E5628A10-1ABD-4ADE-9CF8-CAF23CB2F45B}.Release|Any CPU.Build.0 = Release|Any CPU
	EndGlobalSection
	GlobalSection(SolutionProperties) = preSolution
		HideSolutionNode = FALSE
	EndGlobalSection
EndGlobal
